
Microsoft Visual Studio Solution File, Format Version 12.00
# Visual Studio 2010
Project("{FAE04EC0-301F-11D3-BF4B-00C04F79EFBC}") = "Hatfield.EnviroData.FileSystems", "Source\Hatfield.EnviroData.FileSystems\Hatfield.EnviroData.FileSystems.csproj", "{30129E94-2AED-439D-A61A-599CD477801A}"
EndProject
Project("{2150E333-8FDC-42A3-9474-1A3956D46DE8}") = ".nuget", ".nuget", "{D63471EB-5125-465E-8254-8B714A2F8BFB}"
	ProjectSection(SolutionItems) = preProject
		.nuget\NuGet.Config = .nuget\NuGet.Config
		.nuget\NuGet.exe = .nuget\NuGet.exe
		.nuget\NuGet.targets = .nuget\NuGet.targets
	EndProjectSection
EndProject
Project("{2150E333-8FDC-42A3-9474-1A3956D46DE8}") = "Deploy", "Deploy", "{C77BC79E-6CDB-4541-AC62-94529A46E910}"
	ProjectSection(SolutionItems) = preProject
		Deploy\build.xml = Deploy\build.xml
	EndProjectSection
EndProject
Project("{2150E333-8FDC-42A3-9474-1A3956D46DE8}") = "Test", "Test", "{0928564A-EFB0-4CBD-9671-22A38AFBE857}"
EndProject
Project("{FAE04EC0-301F-11D3-BF4B-00C04F79EFBC}") = "Hatfield.EnviroData.FileSystems.WindowsFileSystem", "Source\Hatfield.EnviroData.FileSystems.WindowsFileSystem\Hatfield.EnviroData.FileSystems.WindowsFileSystem.csproj", "{11A19697-F5DF-44A3-9A0F-48D9CAE4CB7B}"
EndProject
Project("{FAE04EC0-301F-11D3-BF4B-00C04F79EFBC}") = "Hatfield.EnviroData.FileSystems.WindowsFileSystem.Test", "Test\Hatfield.EnviroData.FileSystem.WindowsFileSystem.Test\Hatfield.EnviroData.FileSystems.WindowsFileSystem.Test.csproj", "{73B60396-24FF-4157-868F-82D44F6F1A98}"
EndProject
Project("{FAE04EC0-301F-11D3-BF4B-00C04F79EFBC}") = "Hatfield.EnviroData.FileSystems.FTPFileSystem", "Source\Hatfield.EnviroData.FileSystems.FTPFileSystem\Hatfield.EnviroData.FileSystems.FTPFileSystem.csproj", "{B5FDA897-E62F-45F3-8C71-B9DFB3E1E7F4}"
EndProject
Project("{FAE04EC0-301F-11D3-BF4B-00C04F79EFBC}") = "Hatfield.EnviroData.FileSystems.FTPSystem.Test", "Test\Hatfield.EnviroData.FileSystems.FTPSystem.Test\Hatfield.EnviroData.FileSystems.FTPSystem.Test.csproj", "{2B984DEA-12DA-4054-B08B-B6D0D703A091}"
EndProject
Global
	GlobalSection(SolutionConfigurationPlatforms) = preSolution
		Debug|Any CPU = Debug|Any CPU
		Release|Any CPU = Release|Any CPU
	EndGlobalSection
	GlobalSection(ProjectConfigurationPlatforms) = postSolution
		{30129E94-2AED-439D-A61A-599CD477801A}.Debug|Any CPU.ActiveCfg = Debug|Any CPU
		{30129E94-2AED-439D-A61A-599CD477801A}.Debug|Any CPU.Build.0 = Debug|Any CPU
		{30129E94-2AED-439D-A61A-599CD477801A}.Release|Any CPU.ActiveCfg = Release|Any CPU
		{30129E94-2AED-439D-A61A-599CD477801A}.Release|Any CPU.Build.0 = Release|Any CPU
		{11A19697-F5DF-44A3-9A0F-48D9CAE4CB7B}.Debug|Any CPU.ActiveCfg = Debug|Any CPU
		{11A19697-F5DF-44A3-9A0F-48D9CAE4CB7B}.Debug|Any CPU.Build.0 = Debug|Any CPU
		{11A19697-F5DF-44A3-9A0F-48D9CAE4CB7B}.Release|Any CPU.ActiveCfg = Release|Any CPU
		{11A19697-F5DF-44A3-9A0F-48D9CAE4CB7B}.Release|Any CPU.Build.0 = Release|Any CPU
		{73B60396-24FF-4157-868F-82D44F6F1A98}.Debug|Any CPU.ActiveCfg = Debug|Any CPU
		{73B60396-24FF-4157-868F-82D44F6F1A98}.Debug|Any CPU.Build.0 = Debug|Any CPU
		{73B60396-24FF-4157-868F-82D44F6F1A98}.Release|Any CPU.ActiveCfg = Release|Any CPU
		{73B60396-24FF-4157-868F-82D44F6F1A98}.Release|Any CPU.Build.0 = Release|Any CPU
		{B5FDA897-E62F-45F3-8C71-B9DFB3E1E7F4}.Debug|Any CPU.ActiveCfg = Debug|Any CPU
		{B5FDA897-E62F-45F3-8C71-B9DFB3E1E7F4}.Debug|Any CPU.Build.0 = Debug|Any CPU
		{B5FDA897-E62F-45F3-8C71-B9DFB3E1E7F4}.Release|Any CPU.ActiveCfg = Release|Any CPU
		{B5FDA897-E62F-45F3-8C71-B9DFB3E1E7F4}.Release|Any CPU.Build.0 = Release|Any CPU
		{2B984DEA-12DA-4054-B08B-B6D0D703A091}.Debug|Any CPU.ActiveCfg = Debug|Any CPU
		{2B984DEA-12DA-4054-B08B-B6D0D703A091}.Debug|Any CPU.Build.0 = Debug|Any CPU
		{2B984DEA-12DA-4054-B08B-B6D0D703A091}.Release|Any CPU.ActiveCfg = Release|Any CPU
		{2B984DEA-12DA-4054-B08B-B6D0D703A091}.Release|Any CPU.Build.0 = Release|Any CPU
	EndGlobalSection
	GlobalSection(SolutionProperties) = preSolution
		HideSolutionNode = FALSE
	EndGlobalSection
	GlobalSection(NestedProjects) = preSolution
		{73B60396-24FF-4157-868F-82D44F6F1A98} = {0928564A-EFB0-4CBD-9671-22A38AFBE857}
		{2B984DEA-12DA-4054-B08B-B6D0D703A091} = {0928564A-EFB0-4CBD-9671-22A38AFBE857}
	EndGlobalSection
EndGlobal
